// !$*UTF8*$!
{
	archiveVersion = 1;
	classes = {
	};
	objectVersion = 48;
	objects = {

/* Begin PBXBuildFile section */
		3069772F1F90B04E00490815 /* AppDelegate.m in Sources */ = {isa = PBXBuildFile; fileRef = 3069772E1F90B04E00490815 /* AppDelegate.m */; };
		306977321F90B04E00490815 /* ViewController.m in Sources */ = {isa = PBXBuildFile; fileRef = 306977311F90B04E00490815 /* ViewController.m */; };
		306977351F90B04E00490815 /* Main.storyboard in Resources */ = {isa = PBXBuildFile; fileRef = 306977331F90B04E00490815 /* Main.storyboard */; };
		306977371F90B04E00490815 /* Assets.xcassets in Resources */ = {isa = PBXBuildFile; fileRef = 306977361F90B04E00490815 /* Assets.xcassets */; };
		3069773A1F90B04E00490815 /* LaunchScreen.storyboard in Resources */ = {isa = PBXBuildFile; fileRef = 306977381F90B04E00490815 /* LaunchScreen.storyboard */; };
		3069773D1F90B04E00490815 /* main.m in Sources */ = {isa = PBXBuildFile; fileRef = 3069773C1F90B04E00490815 /* main.m */; };
		306977471F90B04F00490815 /* UIimagePick_testTests.m in Sources */ = {isa = PBXBuildFile; fileRef = 306977461F90B04F00490815 /* UIimagePick_testTests.m */; };
		306977521F90B04F00490815 /* UIimagePick_testUITests.m in Sources */ = {isa = PBXBuildFile; fileRef = 306977511F90B04F00490815 /* UIimagePick_testUITests.m */; };
		306977611F90B23E00490815 /* ImageViewController.m in Sources */ = {isa = PBXBuildFile; fileRef = 306977601F90B23E00490815 /* ImageViewController.m */; };
/* End PBXBuildFile section */

/* Begin PBXContainerItemProxy section */
		306977431F90B04F00490815 /* PBXContainerItemProxy */ = {
			isa = PBXContainerItemProxy;
			containerPortal = 306977221F90B04E00490815 /* Project object */;
			proxyType = 1;
			remoteGlobalIDString = 306977291F90B04E00490815;
			remoteInfo = "UIimagePick-test";
		};
		3069774E1F90B04F00490815 /* PBXContainerItemProxy */ = {
			isa = PBXContainerItemProxy;
			containerPortal = 306977221F90B04E00490815 /* Project object */;
			proxyType = 1;
			remoteGlobalIDString = 306977291F90B04E00490815;
			remoteInfo = "UIimagePick-test";
		};
/* End PBXContainerItemProxy section */

/* Begin PBXFileReference section */
		3069772A1F90B04E00490815 /* UIimagePick-test.app */ = {isa = PBXFileReference; explicitFileType = wrapper.application; includeInIndex = 0; path = "UIimagePick-test.app"; sourceTree = BUILT_PRODUCTS_DIR; };
		3069772D1F90B04E00490815 /* AppDelegate.h */ = {isa = PBXFileReference; lastKnownFileType = sourcecode.c.h; path = AppDelegate.h; sourceTree = "<group>"; };
		3069772E1F90B04E00490815 /* AppDelegate.m */ = {isa = PBXFileReference; lastKnownFileType = sourcecode.c.objc; path = AppDelegate.m; sourceTree = "<group>"; };
		306977301F90B04E00490815 /* ViewController.h */ = {isa = PBXFileReference; lastKnownFileType = sourcecode.c.h; path = ViewController.h; sourceTree = "<group>"; };
		306977311F90B04E00490815 /* ViewController.m */ = {isa = PBXFileReference; lastKnownFileType = sourcecode.c.objc; path = ViewController.m; sourceTree = "<group>"; };
		306977341F90B04E00490815 /* Base */ = {isa = PBXFileReference; lastKnownFileType = file.storyboard; name = Base; path = Base.lproj/Main.storyboard; sourceTree = "<group>"; };
		306977361F90B04E00490815 /* Assets.xcassets */ = {isa = PBXFileReference; lastKnownFileType = folder.assetcatalog; path = Assets.xcassets; sourceTree = "<group>"; };
		306977391F90B04E00490815 /* Base */ = {isa = PBXFileReference; lastKnownFileType = file.storyboard; name = Base; path = Base.lproj/LaunchScreen.storyboard; sourceTree = "<group>"; };
		3069773B1F90B04E00490815 /* Info.plist */ = {isa = PBXFileReference; lastKnownFileType = text.plist.xml; path = Info.plist; sourceTree = "<group>"; };
		3069773C1F90B04E00490815 /* main.m */ = {isa = PBXFileReference; lastKnownFileType = sourcecode.c.objc; path = main.m; sourceTree = "<group>"; };
		306977421F90B04F00490815 /* UIimagePick-testTests.xctest */ = {isa = PBXFileReference; explicitFileType = wrapper.cfbundle; includeInIndex = 0; path = "UIimagePick-testTests.xctest"; sourceTree = BUILT_PRODUCTS_DIR; };
		306977461F90B04F00490815 /* UIimagePick_testTests.m */ = {isa = PBXFileReference; lastKnownFileType = sourcecode.c.objc; path = UIimagePick_testTests.m; sourceTree = "<group>"; };
		306977481F90B04F00490815 /* Info.plist */ = {isa = PBXFileReference; lastKnownFileType = text.plist.xml; path = Info.plist; sourceTree = "<group>"; };
		3069774D1F90B04F00490815 /* UIimagePick-testUITests.xctest */ = {isa = PBXFileReference; explicitFileType = wrapper.cfbundle; includeInIndex = 0; path = "UIimagePick-testUITests.xctest"; sourceTree = BUILT_PRODUCTS_DIR; };
		306977511F90B04F00490815 /* UIimagePick_testUITests.m */ = {isa = PBXFileReference; lastKnownFileType = sourcecode.c.objc; path = UIimagePick_testUITests.m; sourceTree = "<group>"; };
		306977531F90B04F00490815 /* Info.plist */ = {isa = PBXFileReference; lastKnownFileType = text.plist.xml; path = Info.plist; sourceTree = "<group>"; };
		3069775F1F90B23E00490815 /* ImageViewController.h */ = {isa = PBXFileReference; lastKnownFileType = sourcecode.c.h; path = ImageViewController.h; sourceTree = "<group>"; };
		306977601F90B23E00490815 /* ImageViewController.m */ = {isa = PBXFileReference; lastKnownFileType = sourcecode.c.objc; path = ImageViewController.m; sourceTree = "<group>"; };
/* End PBXFileReference section */

/* Begin PBXFrameworksBuildPhase section */
		306977271F90B04E00490815 /* Frameworks */ = {
			isa = PBXFrameworksBuildPhase;
			buildActionMask = 2147483647;
			files = (
			);
			runOnlyForDeploymentPostprocessing = 0;
		};
		3069773F1F90B04F00490815 /* Frameworks */ = {
			isa = PBXFrameworksBuildPhase;
			buildActionMask = 2147483647;
			files = (
			);
			runOnlyForDeploymentPostprocessing = 0;
		};
		3069774A1F90B04F00490815 /* Frameworks */ = {
			isa = PBXFrameworksBuildPhase;
			buildActionMask = 2147483647;
			files = (
			);
			runOnlyForDeploymentPostprocessing = 0;
		};
/* End PBXFrameworksBuildPhase section */

/* Begin PBXGroup section */
		306977211F90B04E00490815 = {
			isa = PBXGroup;
			children = (
				3069772C1F90B04E00490815 /* UIimagePick-test */,
				306977451F90B04F00490815 /* UIimagePick-testTests */,
				306977501F90B04F00490815 /* UIimagePick-testUITests */,
				3069772B1F90B04E00490815 /* Products */,
			);
			sourceTree = "<group>";
		};
		3069772B1F90B04E00490815 /* Products */ = {
			isa = PBXGroup;
			children = (
				3069772A1F90B04E00490815 /* UIimagePick-test.app */,
				306977421F90B04F00490815 /* UIimagePick-testTests.xctest */,
				3069774D1F90B04F00490815 /* UIimagePick-testUITests.xctest */,
			);
			name = Products;
			sourceTree = "<group>";
		};
		3069772C1F90B04E00490815 /* UIimagePick-test */ = {
			isa = PBXGroup;
			children = (
				3069772D1F90B04E00490815 /* AppDelegate.h */,
				3069772E1F90B04E00490815 /* AppDelegate.m */,
				306977301F90B04E00490815 /* ViewController.h */,
				306977311F90B04E00490815 /* ViewController.m */,
				3069775F1F90B23E00490815 /* ImageViewController.h */,
				306977601F90B23E00490815 /* ImageViewController.m */,
				306977331F90B04E00490815 /* Main.storyboard */,
				306977361F90B04E00490815 /* Assets.xcassets */,
				306977381F90B04E00490815 /* LaunchScreen.storyboard */,
				3069773B1F90B04E00490815 /* Info.plist */,
				3069773C1F90B04E00490815 /* main.m */,
			);
			path = "UIimagePick-test";
			sourceTree = "<group>";
		};
		306977451F90B04F00490815 /* UIimagePick-testTests */ = {
			isa = PBXGroup;
			children = (
				306977461F90B04F00490815 /* UIimagePick_testTests.m */,
				306977481F90B04F00490815 /* Info.plist */,
			);
			path = "UIimagePick-testTests";
			sourceTree = "<group>";
		};
		306977501F90B04F00490815 /* UIimagePick-testUITests */ = {
			isa = PBXGroup;
			children = (
				306977511F90B04F00490815 /* UIimagePick_testUITests.m */,
				306977531F90B04F00490815 /* Info.plist */,
			);
			path = "UIimagePick-testUITests";
			sourceTree = "<group>";
		};
/* End PBXGroup section */

/* Begin PBXNativeTarget section */
		306977291F90B04E00490815 /* UIimagePick-test */ = {
			isa = PBXNativeTarget;
			buildConfigurationList = 306977561F90B04F00490815 /* Build configuration list for PBXNativeTarget "UIimagePick-test" */;
			buildPhases = (
				306977261F90B04E00490815 /* Sources */,
				306977271F90B04E00490815 /* Frameworks */,
				306977281F90B04E00490815 /* Resources */,
			);
			buildRules = (
			);
			dependencies = (
			);
			name = "UIimagePick-test";
			productName = "UIimagePick-test";
			productReference = 3069772A1F90B04E00490815 /* UIimagePick-test.app */;
			productType = "com.apple.product-type.application";
		};
		306977411F90B04F00490815 /* UIimagePick-testTests */ = {
			isa = PBXNativeTarget;
			buildConfigurationList = 306977591F90B04F00490815 /* Build configuration list for PBXNativeTarget "UIimagePick-testTests" */;
			buildPhases = (
				3069773E1F90B04F00490815 /* Sources */,
				3069773F1F90B04F00490815 /* Frameworks */,
				306977401F90B04F00490815 /* Resources */,
			);
			buildRules = (
			);
			dependencies = (
				306977441F90B04F00490815 /* PBXTargetDependency */,
			);
			name = "UIimagePick-testTests";
			productName = "UIimagePick-testTests";
			productReference = 306977421F90B04F00490815 /* UIimagePick-testTests.xctest */;
			productType = "com.apple.product-type.bundle.unit-test";
		};
		3069774C1F90B04F00490815 /* UIimagePick-testUITests */ = {
			isa = PBXNativeTarget;
			buildConfigurationList = 3069775C1F90B04F00490815 /* Build configuration list for PBXNativeTarget "UIimagePick-testUITests" */;
			buildPhases = (
				306977491F90B04F00490815 /* Sources */,
				3069774A1F90B04F00490815 /* Frameworks */,
				3069774B1F90B04F00490815 /* Resources */,
			);
			buildRules = (
			);
			dependencies = (
				3069774F1F90B04F00490815 /* PBXTargetDependency */,
			);
			name = "UIimagePick-testUITests";
			productName = "UIimagePick-testUITests";
			productReference = 3069774D1F90B04F00490815 /* UIimagePick-testUITests.xctest */;
			productType = "com.apple.product-type.bundle.ui-testing";
		};
/* End PBXNativeTarget section */

/* Begin PBXProject section */
		306977221F90B04E00490815 /* Project object */ = {
			isa = PBXProject;
			attributes = {
				LastUpgradeCheck = 0900;
				ORGANIZATIONNAME = AJ.com;
				TargetAttributes = {
					306977291F90B04E00490815 = {
						CreatedOnToolsVersion = 9.0;
						ProvisioningStyle = Automatic;
					};
					306977411F90B04F00490815 = {
						CreatedOnToolsVersion = 9.0;
						ProvisioningStyle = Automatic;
						TestTargetID = 306977291F90B04E00490815;
					};
					3069774C1F90B04F00490815 = {
						CreatedOnToolsVersion = 9.0;
						ProvisioningStyle = Automatic;
						TestTargetID = 306977291F90B04E00490815;
					};
				};
			};
			buildConfigurationList = 306977251F90B04E00490815 /* Build configuration list for PBXProject "UIimagePick-test" */;
			compatibilityVersion = "Xcode 8.0";
			developmentRegion = en;
			hasScannedForEncodings = 0;
			knownRegions = (
				en,
				Base,
				ar,
				da,
				de,
				es,
				fr,
				id,
				it,
				ja,
				ko,
				ms,
				nl,
				pl,
				pt,
				ru,
				tr,
				vi,
				"zh-Hans",
				"zh-Hant",
			);
			mainGroup = 306977211F90B04E00490815;
			productRefGroup = 3069772B1F90B04E00490815 /* Products */;
			projectDirPath = "";
			projectRoot = "";
			targets = (
				306977291F90B04E00490815 /* UIimagePick-test */,
				306977411F90B04F00490815 /* UIimagePick-testTests */,
				3069774C1F90B04F00490815 /* UIimagePick-testUITests */,
			);
		};
/* End PBXProject section */

/* Begin PBXResourcesBuildPhase section */
		306977281F90B04E00490815 /* Resources */ = {
			isa = PBXResourcesBuildPhase;
			buildActionMask = 2147483647;
			files = (
				3069773A1F90B04E00490815 /* LaunchScreen.storyboard in Resources */,
				306977371F90B04E00490815 /* Assets.xcassets in Resources */,
				306977351F90B04E00490815 /* Main.storyboard in Resources */,
			);
			runOnlyForDeploymentPostprocessing = 0;
		};
		306977401F90B04F00490815 /* Resources */ = {
			isa = PBXResourcesBuildPhase;
			buildActionMask = 2147483647;
			files = (
			);
			runOnlyForDeploymentPostprocessing = 0;
		};
		3069774B1F90B04F00490815 /* Resources */ = {
			isa = PBXResourcesBuildPhase;
			buildActionMask = 2147483647;
			files = (
			);
			runOnlyForDeploymentPostprocessing = 0;
		};
/* End PBXResourcesBuildPhase section */

/* Begin PBXSourcesBuildPhase section */
		306977261F90B04E00490815 /* Sources */ = {
			isa = PBXSourcesBuildPhase;
			buildActionMask = 2147483647;
			files = (
				306977321F90B04E00490815 /* ViewController.m in Sources */,
				3069773D1F90B04E00490815 /* main.m in Sources */,
				306977611F90B23E00490815 /* ImageViewController.m in Sources */,
				3069772F1F90B04E00490815 /* AppDelegate.m in Sources */,
			);
			runOnlyForDeploymentPostprocessing = 0;
		};
		3069773E1F90B04F00490815 /* Sources */ = {
			isa = PBXSourcesBuildPhase;
			buildActionMask = 2147483647;
			files = (
				306977471F90B04F00490815 /* UIimagePick_testTests.m in Sources */,
			);
			runOnlyForDeploymentPostprocessing = 0;
		};
		306977491F90B04F00490815 /* Sources */ = {
			isa = PBXSourcesBuildPhase;
			buildActionMask = 2147483647;
			files = (
				306977521F90B04F00490815 /* UIimagePick_testUITests.m in Sources */,
			);
			runOnlyForDeploymentPostprocessing = 0;
		};
/* End PBXSourcesBuildPhase section */

/* Begin PBXTargetDependency section */
		306977441F90B04F00490815 /* PBXTargetDependency */ = {
			isa = PBXTargetDependency;
			target = 306977291F90B04E00490815 /* UIimagePick-test */;
			targetProxy = 306977431F90B04F00490815 /* PBXContainerItemProxy */;
		};
		3069774F1F90B04F00490815 /* PBXTargetDependency */ = {
			isa = PBXTargetDependency;
			target = 306977291F90B04E00490815 /* UIimagePick-test */;
			targetProxy = 3069774E1F90B04F00490815 /* PBXContainerItemProxy */;
		};
/* End PBXTargetDependency section */

/* Begin PBXVariantGroup section */
		306977331F90B04E00490815 /* Main.storyboard */ = {
			isa = PBXVariantGroup;
			children = (
				306977341F90B04E00490815 /* Base */,
			);
			name = Main.storyboard;
			sourceTree = "<group>";
		};
		306977381F90B04E00490815 /* LaunchScreen.storyboard */ = {
			isa = PBXVariantGroup;
			children = (
				306977391F90B04E00490815 /* Base */,
			);
			name = LaunchScreen.storyboard;
			sourceTree = "<group>";
		};
/* End PBXVariantGroup section */

/* Begin XCBuildConfiguration section */
		306977541F90B04F00490815 /* Debug */ = {
			isa = XCBuildConfiguration;
			buildSettings = {
				ALWAYS_SEARCH_USER_PATHS = NO;
				CLANG_ANALYZER_NONNULL = YES;
				CLANG_ANALYZER_NUMBER_OBJECT_CONVERSION = YES_AGGRESSIVE;
				CLANG_CXX_LANGUAGE_STANDARD = "gnu++14";
				CLANG_CXX_LIBRARY = "libc++";
				CLANG_ENABLE_MODULES = YES;
				CLANG_ENABLE_OBJC_ARC = YES;
				CLANG_WARN_BLOCK_CAPTURE_AUTORELEASING = YES;
				CLANG_WARN_BOOL_CONVERSION = YES;
				CLANG_WARN_COMMA = YES;
				CLANG_WARN_CONSTANT_CONVERSION = YES;
				CLANG_WARN_DIRECT_OBJC_ISA_USAGE = YES_ERROR;
				CLANG_WARN_DOCUMENTATION_COMMENTS = YES;
				CLANG_WARN_EMPTY_BODY = YES;
				CLANG_WARN_ENUM_CONVERSION = YES;
				CLANG_WARN_INFINITE_RECURSION = YES;
				CLANG_WARN_INT_CONVERSION = YES;
				CLANG_WARN_NON_LITERAL_NULL_CONVERSION = YES;
				CLANG_WARN_OBJC_LITERAL_CONVERSION = YES;
				CLANG_WARN_OBJC_ROOT_CLASS = YES_ERROR;
				CLANG_WARN_RANGE_LOOP_ANALYSIS = YES;
				CLANG_WARN_STRICT_PROTOTYPES = YES;
				CLANG_WARN_SUSPICIOUS_MOVE = YES;
				CLANG_WARN_UNGUARDED_AVAILABILITY = YES_AGGRESSIVE;
				CLANG_WARN_UNREACHABLE_CODE = YES;
				CLANG_WARN__DUPLICATE_METHOD_MATCH = YES;
				CODE_SIGN_IDENTITY = "iPhone Developer";
				COPY_PHASE_STRIP = NO;
				DEBUG_INFORMATION_FORMAT = dwarf;
				ENABLE_STRICT_OBJC_MSGSEND = YES;
				ENABLE_TESTABILITY = YES;
				GCC_C_LANGUAGE_STANDARD = gnu11;
				GCC_DYNAMIC_NO_PIC = NO;
				GCC_NO_COMMON_BLOCKS = YES;
				GCC_OPTIMIZATION_LEVEL = 0;
				GCC_PREPROCESSOR_DEFINITIONS = (
					"DEBUG=1",
					"$(inherited)",
				);
				GCC_WARN_64_TO_32_BIT_CONVERSION = YES;
				GCC_WARN_ABOUT_RETURN_TYPE = YES_ERROR;
				GCC_WARN_UNDECLARED_SELECTOR = YES;
				GCC_WARN_UNINITIALIZED_AUTOS = YES_AGGRESSIVE;
				GCC_WARN_UNUSED_FUNCTION = YES;
				GCC_WARN_UNUSED_VARIABLE = YES;
				IPHONEOS_DEPLOYMENT_TARGET = 11.0;
				MTL_ENABLE_DEBUG_INFO = YES;
				ONLY_ACTIVE_ARCH = YES;
				SDKROOT = iphoneos;
			};
			name = Debug;
		};
		306977551F90B04F00490815 /* Release */ = {
			isa = XCBuildConfiguration;
			buildSettings = {
				ALWAYS_SEARCH_USER_PATHS = NO;
				CLANG_ANALYZER_NONNULL = YES;
				CLANG_ANALYZER_NUMBER_OBJECT_CONVERSION = YES_AGGRESSIVE;
				CLANG_CXX_LANGUAGE_STANDARD = "gnu++14";
				CLANG_CXX_LIBRARY = "libc++";
				CLANG_ENABLE_MODULES = YES;
				CLANG_ENABLE_OBJC_ARC = YES;
				CLANG_WARN_BLOCK_CAPTURE_AUTORELEASING = YES;
				CLANG_WARN_BOOL_CONVERSION = YES;
				CLANG_WARN_COMMA = YES;
				CLANG_WARN_CONSTANT_CONVERSION = YES;
				CLANG_WARN_DIRECT_OBJC_ISA_USAGE = YES_ERROR;
				CLANG_WARN_DOCUMENTATION_COMMENTS = YES;
				CLANG_WARN_EMPTY_BODY = YES;
				CLANG_WARN_ENUM_CONVERSION = YES;
				CLANG_WARN_INFINITE_RECURSION = YES;
				CLANG_WARN_INT_CONVERSION = YES;
				CLANG_WARN_NON_LITERAL_NULL_CONVERSION = YES;
				CLANG_WARN_OBJC_LITERAL_CONVERSION = YES;
				CLANG_WARN_OBJC_ROOT_CLASS = YES_ERROR;
				CLANG_WARN_RANGE_LOOP_ANALYSIS = YES;
				CLANG_WARN_STRICT_PROTOTYPES = YES;
				CLANG_WARN_SUSPICIOUS_MOVE = YES;
				CLANG_WARN_UNGUARDED_AVAILABILITY = YES_AGGRESSIVE;
				CLANG_WARN_UNREACHABLE_CODE = YES;
				CLANG_WARN__DUPLICATE_METHOD_MATCH = YES;
				CODE_SIGN_IDENTITY = "iPhone Developer";
				COPY_PHASE_STRIP = NO;
				DEBUG_INFORMATION_FORMAT = "dwarf-with-dsym";
				ENABLE_NS_ASSERTIONS = NO;
				ENABLE_STRICT_OBJC_MSGSEND = YES;
				GCC_C_LANGUAGE_STANDARD = gnu11;
				GCC_NO_COMMON_BLOCKS = YES;
				GCC_WARN_64_TO_32_BIT_CONVERSION = YES;
				GCC_WARN_ABOUT_RETURN_TYPE = YES_ERROR;
				GCC_WARN_UNDECLARED_SELECTOR = YES;
				GCC_WARN_UNINITIALIZED_AUTOS = YES_AGGRESSIVE;
				GCC_WARN_UNUSED_FUNCTION = YES;
				GCC_WARN_UNUSED_VARIABLE = YES;
				IPHONEOS_DEPLOYMENT_TARGET = 11.0;
				MTL_ENABLE_DEBUG_INFO = NO;
				SDKROOT = iphoneos;
				VALIDATE_PRODUCT = YES;
			};
			name = Release;
		};
		306977571F90B04F00490815 /* Debug */ = {
			isa = XCBuildConfiguration;
			buildSettings = {
				ASSETCATALOG_COMPILER_APPICON_NAME = AppIcon;
				CODE_SIGN_STYLE = Automatic;
				INFOPLIST_FILE = "UIimagePick-test/Info.plist";
				LD_RUNPATH_SEARCH_PATHS = "$(inherited) @executable_path/Frameworks";
				ONLY_ACTIVE_ARCH = NO;
				PRODUCT_BUNDLE_IDENTIFIER = "AJ.UIimagePick-test";
				PRODUCT_NAME = "$(TARGET_NAME)";
				SDKROOT = iphoneos;
				TARGETED_DEVICE_FAMILY = "1,2";
			};
			name = Debug;
		};
		306977581F90B04F00490815 /* Release */ = {
			isa = XCBuildConfiguration;
			buildSettings = {
				ASSETCATALOG_COMPILER_APPICON_NAME = AppIcon;
				CODE_SIGN_STYLE = Automatic;
				INFOPLIST_FILE = "UIimagePick-test/Info.plist";
				LD_RUNPATH_SEARCH_PATHS = "$(inherited) @executable_path/Frameworks";
				ONLY_ACTIVE_ARCH = NO;
				PRODUCT_BUNDLE_IDENTIFIER = "AJ.UIimagePick-test";
				PRODUCT_NAME = "$(TARGET_NAME)";
				SDKROOT = iphoneos;
				TARGETED_DEVICE_FAMILY = "1,2";
			};
			name = Release;
		};
		3069775A1F90B04F00490815 /* Debug */ = {
			isa = XCBuildConfiguration;
			buildSettings = {
				BUNDLE_LOADER = "$(TEST_HOST)";
				CODE_SIGN_STYLE = Automatic;
				INFOPLIST_FILE = "UIimagePick-testTests/Info.plist";
				LD_RUNPATH_SEARCH_PATHS = "$(inherited) @executable_path/Frameworks @loader_path/Frameworks";
				PRODUCT_BUNDLE_IDENTIFIER = "AJ.UIimagePick-testTests";
				PRODUCT_NAME = "$(TARGET_NAME)";
				TARGETED_DEVICE_FAMILY = "1,2";
				TEST_HOST = "$(BUILT_PRODUCTS_DIR)/UIimagePick-test.app/UIimagePick-test";
			};
			name = Debug;
		};
		3069775B1F90B04F00490815 /* Release */ = {
			isa = XCBuildConfiguration;
			buildSettings = {
				BUNDLE_LOADER = "$(TEST_HOST)";
				CODE_SIGN_STYLE = Automatic;
				INFOPLIST_FILE = "UIimagePick-testTests/Info.plist";
				LD_RUNPATH_SEARCH_PATHS = "$(inherited) @executable_path/Frameworks @loader_path/Frameworks";
				PRODUCT_BUNDLE_IDENTIFIER = "AJ.UIimagePick-testTests";
				PRODUCT_NAME = "$(TARGET_NAME)";
				TARGETED_DEVICE_FAMILY = "1,2";
				TEST_HOST = "$(BUILT_PRODUCTS_DIR)/UIimagePick-test.app/UIimagePick-test";
			};
			name = Release;
		};
		3069775D1F90B04F00490815 /* Debug */ = {
			isa = XCBuildConfiguration;
			buildSettings = {
				CODE_SIGN_STYLE = Automatic;
				INFOPLIST_FILE = "UIimagePick-testUITests/Info.plist";
				LD_RUNPATH_SEARCH_PATHS = "$(inherited) @executable_path/Frameworks @loader_path/Frameworks";
				PRODUCT_BUNDLE_IDENTIFIER = "AJ.UIimagePick-testUITests";
				PRODUCT_NAME = "$(TARGET_NAME)";
				TARGETED_DEVICE_FAMILY = "1,2";
				TEST_TARGET_NAME = "UIimagePick-test";
			};
			name = Debug;
		};
		3069775E1F90B04F00490815 /* Release */ = {
			isa = XCBuildConfiguration;
			buildSettings = {
				CODE_SIGN_STYLE = Automatic;
				INFOPLIST_FILE = "UIimagePick-testUITests/Info.plist";
				LD_RUNPATH_SEARCH_PATHS = "$(inherited) @executable_path/Frameworks @loader_path/Frameworks";
				PRODUCT_BUNDLE_IDENTIFIER = "AJ.UIimagePick-testUITests";
				PRODUCT_NAME = "$(TARGET_NAME)";
				TARGETED_DEVICE_FAMILY = "1,2";
				TEST_TARGET_NAME = "UIimagePick-test";
			};
			name = Release;
		};
/* End XCBuildConfiguration section */

/* Begin XCConfigurationList section */
		306977251F90B04E00490815 /* Build configuration list for PBXProject "UIimagePick-test" */ = {
			isa = XCConfigurationList;
			buildConfigurations = (
				306977541F90B04F00490815 /* Debug */,
				306977551F90B04F00490815 /* Release */,
			);
			defaultConfigurationIsVisible = 0;
			defaultConfigurationName = Release;
		};
		306977561F90B04F00490815 /* Build configuration list for PBXNativeTarget "UIimagePick-test" */ = {
			isa = XCConfigurationList;
			buildConfigurations = (
				306977571F90B04F00490815 /* Debug */,
				306977581F90B04F00490815 /* Release */,
			);
			defaultConfigurationIsVisible = 0;
			defaultConfigurationName = Release;
		};
		306977591F90B04F00490815 /* Build configuration list for PBXNativeTarget "UIimagePick-testTests" */ = {
			isa = XCConfigurationList;
			buildConfigurations = (
				3069775A1F90B04F00490815 /* Debug */,
				3069775B1F90B04F00490815 /* Release */,
			);
			defaultConfigurationIsVisible = 0;
			defaultConfigurationName = Release;
		};
		3069775C1F90B04F00490815 /* Build configuration list for PBXNativeTarget "UIimagePick-testUITests" */ = {
			isa = XCConfigurationList;
			buildConfigurations = (
				3069775D1F90B04F00490815 /* Debug */,
				3069775E1F90B04F00490815 /* Release */,
			);
			defaultConfigurationIsVisible = 0;
			defaultConfigurationName = Release;
		};
/* End XCConfigurationList section */
	};
	rootObject = 306977221F90B04E00490815 /* Project object */;
}
